
Microsoft Visual Studio Solution File, Format Version 12.00
# Visual Studio 15
VisualStudioVersion = 15.0.27004.2005
MinimumVisualStudioVersion = 10.0.40219.1
Project("{FAE04EC0-301F-11D3-BF4B-00C04F79EFBC}") = "Clavis", "Clavis\Clavis.csproj", "{F60F1356-7F64-48B3-B094-9F1FC060B4D9}"
EndProject
Project("{FAE04EC0-301F-11D3-BF4B-00C04F79EFBC}") = "Clavis.Tests", "Clavis.Tests\Clavis.Tests.csproj", "{C5D95C1C-2065-471B-8D20-59DDD2D96DAF}"
EndProject
Global
	GlobalSection(SolutionConfigurationPlatforms) = preSolution
		Debug|Any CPU = Debug|Any CPU
		Release|Any CPU = Release|Any CPU
	EndGlobalSection
	GlobalSection(ProjectConfigurationPlatforms) = postSolution
		{F60F1356-7F64-48B3-B094-9F1FC060B4D9}.Debug|Any CPU.ActiveCfg = Debug|Any CPU
		{F60F1356-7F64-48B3-B094-9F1FC060B4D9}.Debug|Any CPU.Build.0 = Debug|Any CPU
		{F60F1356-7F64-48B3-B094-9F1FC060B4D9}.Release|Any CPU.ActiveCfg = Release|Any CPU
		{F60F1356-7F64-48B3-B094-9F1FC060B4D9}.Release|Any CPU.Build.0 = Release|Any CPU
		{C5D95C1C-2065-471B-8D20-59DDD2D96DAF}.Debug|Any CPU.ActiveCfg = Debug|Any CPU
		{C5D95C1C-2065-471B-8D20-59DDD2D96DAF}.Debug|Any CPU.Build.0 = Debug|Any CPU
		{C5D95C1C-2065-471B-8D20-59DDD2D96DAF}.Release|Any CPU.ActiveCfg = Release|Any CPU
		{C5D95C1C-2065-471B-8D20-59DDD2D96DAF}.Release|Any CPU.Build.0 = Release|Any CPU
	EndGlobalSection
	GlobalSection(SolutionProperties) = preSolution
		HideSolutionNode = FALSE
	EndGlobalSection
	GlobalSection(ExtensibilityGlobals) = postSolution
		SolutionGuid = {937BA947-19C5-4818-B62F-64BED75BDB1F}
	EndGlobalSection
EndGlobal
